{
  "nodes": {
    "nixpkgs": {
      "locked": {
        "lastModified": 1721071359,
        "narHash": "sha256-jl1V1dF1qemn5md16ooO5CcK+sl9CukprCuZpvCTkjA=",
        "owner": "StarGate01",
        "repo": "nixpkgs",
        "rev": "52ac6d15464843e42460f5e2361664c9ddea9c20",
        "type": "github"
      },
      "original": {
        "owner": "StarGate01",
        "ref": "libnfc-nci",
        "repo": "nixpkgs",
        "type": "github"
      }
    },
    "root": {
      "inputs": {
        "nixpkgs": "nixpkgs"
      }
    }
  },
  "root": "root",
  "version": 7
}
