{
  "nodes": {
    "nixpkgs": {
      "locked": {
        "lastModified": 1720668601,
        "narHash": "sha256-HTmGRjaWmnfSc6x0kcXk9DBRNTOc4f6wvmNJDI2c9lA=",
        "owner": "StarGate01",
        "repo": "nixpkgs",
        "rev": "e142e3598c9ca1c393e7fa448c81fc18205733af",
        "type": "github"
      },
      "original": {
        "owner": "StarGate01",
        "ref": "libnfc-nci",
        "repo": "nixpkgs",
        "type": "github"
      }
    },
    "root": {
      "inputs": {
        "nixpkgs": "nixpkgs"
      }
    }
  },
  "root": "root",
  "version": 7
}
