{
  "nodes": {
    "nixpkgs": {
      "locked": {
        "lastModified": 1721068113,
        "narHash": "sha256-dZT+34KEZH5oeohoYH5qwt9XXr1f3trOekc4p/MEAwA=",
        "owner": "StarGate01",
        "repo": "nixpkgs",
        "rev": "7ebe75a906a511e1ec941f4b780e2d64e9f93f75",
        "type": "github"
      },
      "original": {
        "owner": "StarGate01",
        "ref": "libnfc-nci",
        "repo": "nixpkgs",
        "type": "github"
      }
    },
    "root": {
      "inputs": {
        "nixpkgs": "nixpkgs"
      }
    }
  },
  "root": "root",
  "version": 7
}
